// !$*UTF8*$!
{
	archiveVersion = 1;
	classes = {
	};
	objectVersion = 46;
	objects = {

/* Begin PBXBuildFile section */
		B68757391B5108F500AB0A3E /* NSString+Utils.m in Sources */ = {isa = PBXBuildFile; fileRef = B68757381B5108F500AB0A3E /* NSString+Utils.m */; };
		B687573C1B51213700AB0A3E /* DSVDataParsingOptions.m in Sources */ = {isa = PBXBuildFile; fileRef = B687573B1B51213700AB0A3E /* DSVDataParsingOptions.m */; };
		B6F6D2181B4FD7B9006F0A9B /* main.m in Sources */ = {isa = PBXBuildFile; fileRef = B6F6D2171B4FD7B9006F0A9B /* main.m */; };
		B6F6D21B1B4FD7B9006F0A9B /* AppDelegate.m in Sources */ = {isa = PBXBuildFile; fileRef = B6F6D21A1B4FD7B9006F0A9B /* AppDelegate.m */; };
		B6F6D2211B4FD7B9006F0A9B /* Main.storyboard in Resources */ = {isa = PBXBuildFile; fileRef = B6F6D21F1B4FD7B9006F0A9B /* Main.storyboard */; };
		B6F6D2231B4FD7B9006F0A9B /* Images.xcassets in Resources */ = {isa = PBXBuildFile; fileRef = B6F6D2221B4FD7B9006F0A9B /* Images.xcassets */; };
		B6F6D2261B4FD7B9006F0A9B /* LaunchScreen.xib in Resources */ = {isa = PBXBuildFile; fileRef = B6F6D2241B4FD7B9006F0A9B /* LaunchScreen.xib */; };
		B6F6D2321B4FD7B9006F0A9B /* DataSetViewerTests.m in Sources */ = {isa = PBXBuildFile; fileRef = B6F6D2311B4FD7B9006F0A9B /* DataSetViewerTests.m */; };
		B6F6D23F1B4FD80E006F0A9B /* DSVTableViewController.m in Sources */ = {isa = PBXBuildFile; fileRef = B6F6D23E1B4FD80E006F0A9B /* DSVTableViewController.m */; };
		B6F6D2451B4FD952006F0A9B /* DSVNavigationViewController.m in Sources */ = {isa = PBXBuildFile; fileRef = B6F6D2441B4FD952006F0A9B /* DSVNavigationViewController.m */; };
		B6F6D2481B4FD98B006F0A9B /* DSVDataManager.m in Sources */ = {isa = PBXBuildFile; fileRef = B6F6D2471B4FD98B006F0A9B /* DSVDataManager.m */; };
		B6F6D25E1B4FDA3C006F0A9B /* AFHTTPRequestOperation.m in Sources */ = {isa = PBXBuildFile; fileRef = B6F6D24C1B4FDA3C006F0A9B /* AFHTTPRequestOperation.m */; };
		B6F6D25F1B4FDA3C006F0A9B /* AFHTTPRequestOperationManager.m in Sources */ = {isa = PBXBuildFile; fileRef = B6F6D24E1B4FDA3C006F0A9B /* AFHTTPRequestOperationManager.m */; };
		B6F6D2601B4FDA3C006F0A9B /* AFHTTPSessionManager.m in Sources */ = {isa = PBXBuildFile; fileRef = B6F6D2501B4FDA3C006F0A9B /* AFHTTPSessionManager.m */; };
		B6F6D2611B4FDA3C006F0A9B /* AFNetworkReachabilityManager.m in Sources */ = {isa = PBXBuildFile; fileRef = B6F6D2531B4FDA3C006F0A9B /* AFNetworkReachabilityManager.m */; };
		B6F6D2621B4FDA3C006F0A9B /* AFSecurityPolicy.m in Sources */ = {isa = PBXBuildFile; fileRef = B6F6D2551B4FDA3C006F0A9B /* AFSecurityPolicy.m */; };
		B6F6D2631B4FDA3C006F0A9B /* AFURLConnectionOperation.m in Sources */ = {isa = PBXBuildFile; fileRef = B6F6D2571B4FDA3C006F0A9B /* AFURLConnectionOperation.m */; };
		B6F6D2641B4FDA3C006F0A9B /* AFURLRequestSerialization.m in Sources */ = {isa = PBXBuildFile; fileRef = B6F6D2591B4FDA3C006F0A9B /* AFURLRequestSerialization.m */; };
		B6F6D2651B4FDA3C006F0A9B /* AFURLResponseSerialization.m in Sources */ = {isa = PBXBuildFile; fileRef = B6F6D25B1B4FDA3C006F0A9B /* AFURLResponseSerialization.m */; };
		B6F6D2661B4FDA3C006F0A9B /* AFURLSessionManager.m in Sources */ = {isa = PBXBuildFile; fileRef = B6F6D25D1B4FDA3C006F0A9B /* AFURLSessionManager.m */; };
		B6F6D26A1B4FF21C006F0A9B /* CHCSVParser.m in Sources */ = {isa = PBXBuildFile; fileRef = B6F6D2691B4FF21C006F0A9B /* CHCSVParser.m */; };
		B6F6D26D1B4FFC52006F0A9B /* DSVDataSet.m in Sources */ = {isa = PBXBuildFile; fileRef = B6F6D26C1B4FFC52006F0A9B /* DSVDataSet.m */; };
		B6F6D2721B50200D006F0A9B /* DSVTableViewCell.m in Sources */ = {isa = PBXBuildFile; fileRef = B6F6D2701B50200D006F0A9B /* DSVTableViewCell.m */; };
		B6F6D2731B50200D006F0A9B /* DSVTableViewCell.xib in Resources */ = {isa = PBXBuildFile; fileRef = B6F6D2711B50200D006F0A9B /* DSVTableViewCell.xib */; };
		B6F6D2751B502CA3006F0A9B /* default.png in Resources */ = {isa = PBXBuildFile; fileRef = B6F6D2741B502CA3006F0A9B /* default.png */; };
/* End PBXBuildFile section */

/* Begin PBXContainerItemProxy section */
		B6F6D22C1B4FD7B9006F0A9B /* PBXContainerItemProxy */ = {
			isa = PBXContainerItemProxy;
			containerPortal = B6F6D20A1B4FD7B9006F0A9B /* Project object */;
			proxyType = 1;
			remoteGlobalIDString = B6F6D2111B4FD7B9006F0A9B;
			remoteInfo = DataSetViewer;
		};
/* End PBXContainerItemProxy section */

/* Begin PBXFileReference section */
		B68757371B5108F500AB0A3E /* NSString+Utils.h */ = {isa = PBXFileReference; fileEncoding = 4; lastKnownFileType = sourcecode.c.h; path = "NSString+Utils.h"; sourceTree = "<group>"; };
		B68757381B5108F500AB0A3E /* NSString+Utils.m */ = {isa = PBXFileReference; fileEncoding = 4; lastKnownFileType = sourcecode.c.objc; path = "NSString+Utils.m"; sourceTree = "<group>"; };
		B687573A1B51213700AB0A3E /* DSVDataParsingOptions.h */ = {isa = PBXFileReference; fileEncoding = 4; lastKnownFileType = sourcecode.c.h; path = DSVDataParsingOptions.h; sourceTree = "<group>"; };
		B687573B1B51213700AB0A3E /* DSVDataParsingOptions.m */ = {isa = PBXFileReference; fileEncoding = 4; lastKnownFileType = sourcecode.c.objc; path = DSVDataParsingOptions.m; sourceTree = "<group>"; };
		B687573D1B51226F00AB0A3E /* GlobalDefinitions.h */ = {isa = PBXFileReference; lastKnownFileType = sourcecode.c.h; path = GlobalDefinitions.h; sourceTree = "<group>"; };
		B6F6D2121B4FD7B9006F0A9B /* DataSetViewer.app */ = {isa = PBXFileReference; explicitFileType = wrapper.application; includeInIndex = 0; path = DataSetViewer.app; sourceTree = BUILT_PRODUCTS_DIR; };
		B6F6D2161B4FD7B9006F0A9B /* Info.plist */ = {isa = PBXFileReference; lastKnownFileType = text.plist.xml; path = Info.plist; sourceTree = "<group>"; };
		B6F6D2171B4FD7B9006F0A9B /* main.m */ = {isa = PBXFileReference; lastKnownFileType = sourcecode.c.objc; path = main.m; sourceTree = "<group>"; };
		B6F6D2191B4FD7B9006F0A9B /* AppDelegate.h */ = {isa = PBXFileReference; lastKnownFileType = sourcecode.c.h; path = AppDelegate.h; sourceTree = "<group>"; };
		B6F6D21A1B4FD7B9006F0A9B /* AppDelegate.m */ = {isa = PBXFileReference; lastKnownFileType = sourcecode.c.objc; path = AppDelegate.m; sourceTree = "<group>"; };
		B6F6D2201B4FD7B9006F0A9B /* Base */ = {isa = PBXFileReference; lastKnownFileType = file.storyboard; name = Base; path = Base.lproj/Main.storyboard; sourceTree = "<group>"; };
		B6F6D2221B4FD7B9006F0A9B /* Images.xcassets */ = {isa = PBXFileReference; lastKnownFileType = folder.assetcatalog; path = Images.xcassets; sourceTree = "<group>"; };
		B6F6D2251B4FD7B9006F0A9B /* Base */ = {isa = PBXFileReference; lastKnownFileType = file.xib; name = Base; path = Base.lproj/LaunchScreen.xib; sourceTree = "<group>"; };
		B6F6D22B1B4FD7B9006F0A9B /* DataSetViewerTests.xctest */ = {isa = PBXFileReference; explicitFileType = wrapper.cfbundle; includeInIndex = 0; path = DataSetViewerTests.xctest; sourceTree = BUILT_PRODUCTS_DIR; };
		B6F6D2301B4FD7B9006F0A9B /* Info.plist */ = {isa = PBXFileReference; lastKnownFileType = text.plist.xml; path = Info.plist; sourceTree = "<group>"; };
		B6F6D2311B4FD7B9006F0A9B /* DataSetViewerTests.m */ = {isa = PBXFileReference; lastKnownFileType = sourcecode.c.objc; path = DataSetViewerTests.m; sourceTree = "<group>"; };
		B6F6D23D1B4FD80E006F0A9B /* DSVTableViewController.h */ = {isa = PBXFileReference; fileEncoding = 4; lastKnownFileType = sourcecode.c.h; path = DSVTableViewController.h; sourceTree = "<group>"; };
		B6F6D23E1B4FD80E006F0A9B /* DSVTableViewController.m */ = {isa = PBXFileReference; fileEncoding = 4; lastKnownFileType = sourcecode.c.objc; path = DSVTableViewController.m; sourceTree = "<group>"; };
		B6F6D2431B4FD952006F0A9B /* DSVNavigationViewController.h */ = {isa = PBXFileReference; fileEncoding = 4; lastKnownFileType = sourcecode.c.h; path = DSVNavigationViewController.h; sourceTree = "<group>"; };
		B6F6D2441B4FD952006F0A9B /* DSVNavigationViewController.m */ = {isa = PBXFileReference; fileEncoding = 4; lastKnownFileType = sourcecode.c.objc; path = DSVNavigationViewController.m; sourceTree = "<group>"; };
		B6F6D2461B4FD98B006F0A9B /* DSVDataManager.h */ = {isa = PBXFileReference; fileEncoding = 4; lastKnownFileType = sourcecode.c.h; path = DSVDataManager.h; sourceTree = "<group>"; };
		B6F6D2471B4FD98B006F0A9B /* DSVDataManager.m */ = {isa = PBXFileReference; fileEncoding = 4; lastKnownFileType = sourcecode.c.objc; path = DSVDataManager.m; sourceTree = "<group>"; };
		B6F6D24B1B4FDA3C006F0A9B /* AFHTTPRequestOperation.h */ = {isa = PBXFileReference; fileEncoding = 4; lastKnownFileType = sourcecode.c.h; path = AFHTTPRequestOperation.h; sourceTree = "<group>"; };
		B6F6D24C1B4FDA3C006F0A9B /* AFHTTPRequestOperation.m */ = {isa = PBXFileReference; fileEncoding = 4; lastKnownFileType = sourcecode.c.objc; path = AFHTTPRequestOperation.m; sourceTree = "<group>"; };
		B6F6D24D1B4FDA3C006F0A9B /* AFHTTPRequestOperationManager.h */ = {isa = PBXFileReference; fileEncoding = 4; lastKnownFileType = sourcecode.c.h; path = AFHTTPRequestOperationManager.h; sourceTree = "<group>"; };
		B6F6D24E1B4FDA3C006F0A9B /* AFHTTPRequestOperationManager.m */ = {isa = PBXFileReference; fileEncoding = 4; lastKnownFileType = sourcecode.c.objc; path = AFHTTPRequestOperationManager.m; sourceTree = "<group>"; };
		B6F6D24F1B4FDA3C006F0A9B /* AFHTTPSessionManager.h */ = {isa = PBXFileReference; fileEncoding = 4; lastKnownFileType = sourcecode.c.h; path = AFHTTPSessionManager.h; sourceTree = "<group>"; };
		B6F6D2501B4FDA3C006F0A9B /* AFHTTPSessionManager.m */ = {isa = PBXFileReference; fileEncoding = 4; lastKnownFileType = sourcecode.c.objc; path = AFHTTPSessionManager.m; sourceTree = "<group>"; };
		B6F6D2511B4FDA3C006F0A9B /* AFNetworking.h */ = {isa = PBXFileReference; fileEncoding = 4; lastKnownFileType = sourcecode.c.h; path = AFNetworking.h; sourceTree = "<group>"; };
		B6F6D2521B4FDA3C006F0A9B /* AFNetworkReachabilityManager.h */ = {isa = PBXFileReference; fileEncoding = 4; lastKnownFileType = sourcecode.c.h; path = AFNetworkReachabilityManager.h; sourceTree = "<group>"; };
		B6F6D2531B4FDA3C006F0A9B /* AFNetworkReachabilityManager.m */ = {isa = PBXFileReference; fileEncoding = 4; lastKnownFileType = sourcecode.c.objc; path = AFNetworkReachabilityManager.m; sourceTree = "<group>"; };
		B6F6D2541B4FDA3C006F0A9B /* AFSecurityPolicy.h */ = {isa = PBXFileReference; fileEncoding = 4; lastKnownFileType = sourcecode.c.h; path = AFSecurityPolicy.h; sourceTree = "<group>"; };
		B6F6D2551B4FDA3C006F0A9B /* AFSecurityPolicy.m */ = {isa = PBXFileReference; fileEncoding = 4; lastKnownFileType = sourcecode.c.objc; path = AFSecurityPolicy.m; sourceTree = "<group>"; };
		B6F6D2561B4FDA3C006F0A9B /* AFURLConnectionOperation.h */ = {isa = PBXFileReference; fileEncoding = 4; lastKnownFileType = sourcecode.c.h; path = AFURLConnectionOperation.h; sourceTree = "<group>"; };
		B6F6D2571B4FDA3C006F0A9B /* AFURLConnectionOperation.m */ = {isa = PBXFileReference; fileEncoding = 4; lastKnownFileType = sourcecode.c.objc; path = AFURLConnectionOperation.m; sourceTree = "<group>"; };
		B6F6D2581B4FDA3C006F0A9B /* AFURLRequestSerialization.h */ = {isa = PBXFileReference; fileEncoding = 4; lastKnownFileType = sourcecode.c.h; path = AFURLRequestSerialization.h; sourceTree = "<group>"; };
		B6F6D2591B4FDA3C006F0A9B /* AFURLRequestSerialization.m */ = {isa = PBXFileReference; fileEncoding = 4; lastKnownFileType = sourcecode.c.objc; path = AFURLRequestSerialization.m; sourceTree = "<group>"; };
		B6F6D25A1B4FDA3C006F0A9B /* AFURLResponseSerialization.h */ = {isa = PBXFileReference; fileEncoding = 4; lastKnownFileType = sourcecode.c.h; path = AFURLResponseSerialization.h; sourceTree = "<group>"; };
		B6F6D25B1B4FDA3C006F0A9B /* AFURLResponseSerialization.m */ = {isa = PBXFileReference; fileEncoding = 4; lastKnownFileType = sourcecode.c.objc; path = AFURLResponseSerialization.m; sourceTree = "<group>"; };
		B6F6D25C1B4FDA3C006F0A9B /* AFURLSessionManager.h */ = {isa = PBXFileReference; fileEncoding = 4; lastKnownFileType = sourcecode.c.h; path = AFURLSessionManager.h; sourceTree = "<group>"; };
		B6F6D25D1B4FDA3C006F0A9B /* AFURLSessionManager.m */ = {isa = PBXFileReference; fileEncoding = 4; lastKnownFileType = sourcecode.c.objc; path = AFURLSessionManager.m; sourceTree = "<group>"; };
		B6F6D2681B4FF21C006F0A9B /* CHCSVParser.h */ = {isa = PBXFileReference; fileEncoding = 4; lastKnownFileType = sourcecode.c.h; path = CHCSVParser.h; sourceTree = "<group>"; };
		B6F6D2691B4FF21C006F0A9B /* CHCSVParser.m */ = {isa = PBXFileReference; fileEncoding = 4; lastKnownFileType = sourcecode.c.objc; path = CHCSVParser.m; sourceTree = "<group>"; };
		B6F6D26B1B4FFC52006F0A9B /* DSVDataSet.h */ = {isa = PBXFileReference; fileEncoding = 4; lastKnownFileType = sourcecode.c.h; path = DSVDataSet.h; sourceTree = "<group>"; };
		B6F6D26C1B4FFC52006F0A9B /* DSVDataSet.m */ = {isa = PBXFileReference; fileEncoding = 4; lastKnownFileType = sourcecode.c.objc; path = DSVDataSet.m; sourceTree = "<group>"; };
		B6F6D26F1B50200D006F0A9B /* DSVTableViewCell.h */ = {isa = PBXFileReference; fileEncoding = 4; lastKnownFileType = sourcecode.c.h; path = DSVTableViewCell.h; sourceTree = "<group>"; };
		B6F6D2701B50200D006F0A9B /* DSVTableViewCell.m */ = {isa = PBXFileReference; fileEncoding = 4; lastKnownFileType = sourcecode.c.objc; path = DSVTableViewCell.m; sourceTree = "<group>"; };
		B6F6D2711B50200D006F0A9B /* DSVTableViewCell.xib */ = {isa = PBXFileReference; fileEncoding = 4; lastKnownFileType = file.xib; path = DSVTableViewCell.xib; sourceTree = "<group>"; };
		B6F6D2741B502CA3006F0A9B /* default.png */ = {isa = PBXFileReference; lastKnownFileType = image.png; path = default.png; sourceTree = "<group>"; };
/* End PBXFileReference section */

/* Begin PBXFrameworksBuildPhase section */
		B6F6D20F1B4FD7B9006F0A9B /* Frameworks */ = {
			isa = PBXFrameworksBuildPhase;
			buildActionMask = 2147483647;
			files = (
			);
			runOnlyForDeploymentPostprocessing = 0;
		};
		B6F6D2281B4FD7B9006F0A9B /* Frameworks */ = {
			isa = PBXFrameworksBuildPhase;
			buildActionMask = 2147483647;
			files = (
			);
			runOnlyForDeploymentPostprocessing = 0;
		};
/* End PBXFrameworksBuildPhase section */

/* Begin PBXGroup section */
		B6F6D2091B4FD7B9006F0A9B = {
			isa = PBXGroup;
			children = (
				B6F6D2141B4FD7B9006F0A9B /* DataSetViewer */,
				B6F6D22E1B4FD7B9006F0A9B /* DataSetViewerTests */,
				B6F6D2131B4FD7B9006F0A9B /* Products */,
			);
			sourceTree = "<group>";
		};
		B6F6D2131B4FD7B9006F0A9B /* Products */ = {
			isa = PBXGroup;
			children = (
				B6F6D2121B4FD7B9006F0A9B /* DataSetViewer.app */,
				B6F6D22B1B4FD7B9006F0A9B /* DataSetViewerTests.xctest */,
			);
			name = Products;
			sourceTree = "<group>";
		};
		B6F6D2141B4FD7B9006F0A9B /* DataSetViewer */ = {
			isa = PBXGroup;
			children = (
				B6F6D26E1B501FE2006F0A9B /* Controllers */,
				B6F6D2491B4FD9F7006F0A9B /* Tools */,
				B6F6D23C1B4FD7E4006F0A9B /* Model */,
				B6F6D23B1B4FD7CD006F0A9B /* Views */,
				B6F6D2191B4FD7B9006F0A9B /* AppDelegate.h */,
				B6F6D21A1B4FD7B9006F0A9B /* AppDelegate.m */,
				B6F6D2221B4FD7B9006F0A9B /* Images.xcassets */,
				B6F6D2151B4FD7B9006F0A9B /* Supporting Files */,
				B6F6D2431B4FD952006F0A9B /* DSVNavigationViewController.h */,
				B6F6D2441B4FD952006F0A9B /* DSVNavigationViewController.m */,
				B687573D1B51226F00AB0A3E /* GlobalDefinitions.h */,
			);
			path = DataSetViewer;
			sourceTree = "<group>";
		};
		B6F6D2151B4FD7B9006F0A9B /* Supporting Files */ = {
			isa = PBXGroup;
			children = (
				B6F6D2741B502CA3006F0A9B /* default.png */,
				B6F6D2161B4FD7B9006F0A9B /* Info.plist */,
				B6F6D2171B4FD7B9006F0A9B /* main.m */,
			);
			name = "Supporting Files";
			sourceTree = "<group>";
		};
		B6F6D22E1B4FD7B9006F0A9B /* DataSetViewerTests */ = {
			isa = PBXGroup;
			children = (
				B6F6D2311B4FD7B9006F0A9B /* DataSetViewerTests.m */,
				B6F6D22F1B4FD7B9006F0A9B /* Supporting Files */,
			);
			path = DataSetViewerTests;
			sourceTree = "<group>";
		};
		B6F6D22F1B4FD7B9006F0A9B /* Supporting Files */ = {
			isa = PBXGroup;
			children = (
				B6F6D2301B4FD7B9006F0A9B /* Info.plist */,
			);
			name = "Supporting Files";
			sourceTree = "<group>";
		};
		B6F6D23B1B4FD7CD006F0A9B /* Views */ = {
			isa = PBXGroup;
			children = (
				B6F6D2711B50200D006F0A9B /* DSVTableViewCell.xib */,
				B6F6D21F1B4FD7B9006F0A9B /* Main.storyboard */,
				B6F6D2241B4FD7B9006F0A9B /* LaunchScreen.xib */,
			);
			name = Views;
			sourceTree = "<group>";
		};
		B6F6D23C1B4FD7E4006F0A9B /* Model */ = {
			isa = PBXGroup;
			children = (
				B6F6D2461B4FD98B006F0A9B /* DSVDataManager.h */,
				B6F6D2471B4FD98B006F0A9B /* DSVDataManager.m */,
				B6F6D26B1B4FFC52006F0A9B /* DSVDataSet.h */,
				B6F6D26C1B4FFC52006F0A9B /* DSVDataSet.m */,
				B687573A1B51213700AB0A3E /* DSVDataParsingOptions.h */,
				B687573B1B51213700AB0A3E /* DSVDataParsingOptions.m */,
			);
			name = Model;
			sourceTree = "<group>";
		};
		B6F6D2491B4FD9F7006F0A9B /* Tools */ = {
			isa = PBXGroup;
			children = (
				B6F6D2671B4FF21C006F0A9B /* CHCSVParser */,
				B6F6D24A1B4FDA3C006F0A9B /* AFNetworking */,
				B68757371B5108F500AB0A3E /* NSString+Utils.h */,
				B68757381B5108F500AB0A3E /* NSString+Utils.m */,
			);
			name = Tools;
			sourceTree = "<group>";
		};
		B6F6D24A1B4FDA3C006F0A9B /* AFNetworking */ = {
			isa = PBXGroup;
			children = (
				B6F6D24B1B4FDA3C006F0A9B /* AFHTTPRequestOperation.h */,
				B6F6D24C1B4FDA3C006F0A9B /* AFHTTPRequestOperation.m */,
				B6F6D24D1B4FDA3C006F0A9B /* AFHTTPRequestOperationManager.h */,
				B6F6D24E1B4FDA3C006F0A9B /* AFHTTPRequestOperationManager.m */,
				B6F6D24F1B4FDA3C006F0A9B /* AFHTTPSessionManager.h */,
				B6F6D2501B4FDA3C006F0A9B /* AFHTTPSessionManager.m */,
				B6F6D2511B4FDA3C006F0A9B /* AFNetworking.h */,
				B6F6D2521B4FDA3C006F0A9B /* AFNetworkReachabilityManager.h */,
				B6F6D2531B4FDA3C006F0A9B /* AFNetworkReachabilityManager.m */,
				B6F6D2541B4FDA3C006F0A9B /* AFSecurityPolicy.h */,
				B6F6D2551B4FDA3C006F0A9B /* AFSecurityPolicy.m */,
				B6F6D2561B4FDA3C006F0A9B /* AFURLConnectionOperation.h */,
				B6F6D2571B4FDA3C006F0A9B /* AFURLConnectionOperation.m */,
				B6F6D2581B4FDA3C006F0A9B /* AFURLRequestSerialization.h */,
				B6F6D2591B4FDA3C006F0A9B /* AFURLRequestSerialization.m */,
				B6F6D25A1B4FDA3C006F0A9B /* AFURLResponseSerialization.h */,
				B6F6D25B1B4FDA3C006F0A9B /* AFURLResponseSerialization.m */,
				B6F6D25C1B4FDA3C006F0A9B /* AFURLSessionManager.h */,
				B6F6D25D1B4FDA3C006F0A9B /* AFURLSessionManager.m */,
			);
			name = AFNetworking;
			path = libs/AFNetworking;
			sourceTree = "<group>";
		};
		B6F6D2671B4FF21C006F0A9B /* CHCSVParser */ = {
			isa = PBXGroup;
			children = (
				B6F6D2681B4FF21C006F0A9B /* CHCSVParser.h */,
				B6F6D2691B4FF21C006F0A9B /* CHCSVParser.m */,
			);
			name = CHCSVParser;
			path = libs/CHCSVParser;
			sourceTree = "<group>";
		};
		B6F6D26E1B501FE2006F0A9B /* Controllers */ = {
			isa = PBXGroup;
			children = (
				B6F6D23D1B4FD80E006F0A9B /* DSVTableViewController.h */,
				B6F6D23E1B4FD80E006F0A9B /* DSVTableViewController.m */,
				B6F6D26F1B50200D006F0A9B /* DSVTableViewCell.h */,
				B6F6D2701B50200D006F0A9B /* DSVTableViewCell.m */,
			);
			name = Controllers;
			sourceTree = "<group>";
		};
/* End PBXGroup section */

/* Begin PBXNativeTarget section */
		B6F6D2111B4FD7B9006F0A9B /* DataSetViewer */ = {
			isa = PBXNativeTarget;
			buildConfigurationList = B6F6D2351B4FD7B9006F0A9B /* Build configuration list for PBXNativeTarget "DataSetViewer" */;
			buildPhases = (
				B6F6D20E1B4FD7B9006F0A9B /* Sources */,
				B6F6D20F1B4FD7B9006F0A9B /* Frameworks */,
				B6F6D2101B4FD7B9006F0A9B /* Resources */,
			);
			buildRules = (
			);
			dependencies = (
			);
			name = DataSetViewer;
			productName = DataSetViewer;
			productReference = B6F6D2121B4FD7B9006F0A9B /* DataSetViewer.app */;
			productType = "com.apple.product-type.application";
		};
		B6F6D22A1B4FD7B9006F0A9B /* DataSetViewerTests */ = {
			isa = PBXNativeTarget;
			buildConfigurationList = B6F6D2381B4FD7B9006F0A9B /* Build configuration list for PBXNativeTarget "DataSetViewerTests" */;
			buildPhases = (
				B6F6D2271B4FD7B9006F0A9B /* Sources */,
				B6F6D2281B4FD7B9006F0A9B /* Frameworks */,
				B6F6D2291B4FD7B9006F0A9B /* Resources */,
			);
			buildRules = (
			);
			dependencies = (
				B6F6D22D1B4FD7B9006F0A9B /* PBXTargetDependency */,
			);
			name = DataSetViewerTests;
			productName = DataSetViewerTests;
			productReference = B6F6D22B1B4FD7B9006F0A9B /* DataSetViewerTests.xctest */;
			productType = "com.apple.product-type.bundle.unit-test";
		};
/* End PBXNativeTarget section */

/* Begin PBXProject section */
		B6F6D20A1B4FD7B9006F0A9B /* Project object */ = {
			isa = PBXProject;
			attributes = {
				LastUpgradeCheck = 0640;
				ORGANIZATIONNAME = "Guillermo Zafra";
				TargetAttributes = {
					B6F6D2111B4FD7B9006F0A9B = {
						CreatedOnToolsVersion = 6.4;
					};
					B6F6D22A1B4FD7B9006F0A9B = {
						CreatedOnToolsVersion = 6.4;
						TestTargetID = B6F6D2111B4FD7B9006F0A9B;
					};
				};
			};
			buildConfigurationList = B6F6D20D1B4FD7B9006F0A9B /* Build configuration list for PBXProject "DataSetViewer" */;
			compatibilityVersion = "Xcode 3.2";
			developmentRegion = English;
			hasScannedForEncodings = 0;
			knownRegions = (
				en,
				Base,
			);
			mainGroup = B6F6D2091B4FD7B9006F0A9B;
			productRefGroup = B6F6D2131B4FD7B9006F0A9B /* Products */;
			projectDirPath = "";
			projectRoot = "";
			targets = (
				B6F6D2111B4FD7B9006F0A9B /* DataSetViewer */,
				B6F6D22A1B4FD7B9006F0A9B /* DataSetViewerTests */,
			);
		};
/* End PBXProject section */

/* Begin PBXResourcesBuildPhase section */
		B6F6D2101B4FD7B9006F0A9B /* Resources */ = {
			isa = PBXResourcesBuildPhase;
			buildActionMask = 2147483647;
			files = (
				B6F6D2211B4FD7B9006F0A9B /* Main.storyboard in Resources */,
				B6F6D2731B50200D006F0A9B /* DSVTableViewCell.xib in Resources */,
				B6F6D2261B4FD7B9006F0A9B /* LaunchScreen.xib in Resources */,
				B6F6D2231B4FD7B9006F0A9B /* Images.xcassets in Resources */,
				B6F6D2751B502CA3006F0A9B /* default.png in Resources */,
			);
			runOnlyForDeploymentPostprocessing = 0;
		};
		B6F6D2291B4FD7B9006F0A9B /* Resources */ = {
			isa = PBXResourcesBuildPhase;
			buildActionMask = 2147483647;
			files = (
			);
			runOnlyForDeploymentPostprocessing = 0;
		};
/* End PBXResourcesBuildPhase section */

/* Begin PBXSourcesBuildPhase section */
		B6F6D20E1B4FD7B9006F0A9B /* Sources */ = {
			isa = PBXSourcesBuildPhase;
			buildActionMask = 2147483647;
			files = (
				B6F6D2661B4FDA3C006F0A9B /* AFURLSessionManager.m in Sources */,
				B6F6D21B1B4FD7B9006F0A9B /* AppDelegate.m in Sources */,
				B6F6D2721B50200D006F0A9B /* DSVTableViewCell.m in Sources */,
				B6F6D2611B4FDA3C006F0A9B /* AFNetworkReachabilityManager.m in Sources */,
				B6F6D2451B4FD952006F0A9B /* DSVNavigationViewController.m in Sources */,
				B6F6D2631B4FDA3C006F0A9B /* AFURLConnectionOperation.m in Sources */,
				B6F6D2601B4FDA3C006F0A9B /* AFHTTPSessionManager.m in Sources */,
				B6F6D2641B4FDA3C006F0A9B /* AFURLRequestSerialization.m in Sources */,
				B6F6D2481B4FD98B006F0A9B /* DSVDataManager.m in Sources */,
				B6F6D2181B4FD7B9006F0A9B /* main.m in Sources */,
				B6F6D23F1B4FD80E006F0A9B /* DSVTableViewController.m in Sources */,
				B6F6D26D1B4FFC52006F0A9B /* DSVDataSet.m in Sources */,
				B6F6D25F1B4FDA3C006F0A9B /* AFHTTPRequestOperationManager.m in Sources */,
				B68757391B5108F500AB0A3E /* NSString+Utils.m in Sources */,
				B6F6D26A1B4FF21C006F0A9B /* CHCSVParser.m in Sources */,
				B687573C1B51213700AB0A3E /* DSVDataParsingOptions.m in Sources */,
				B6F6D2621B4FDA3C006F0A9B /* AFSecurityPolicy.m in Sources */,
				B6F6D2651B4FDA3C006F0A9B /* AFURLResponseSerialization.m in Sources */,
				B6F6D25E1B4FDA3C006F0A9B /* AFHTTPRequestOperation.m in Sources */,
			);
			runOnlyForDeploymentPostprocessing = 0;
		};
		B6F6D2271B4FD7B9006F0A9B /* Sources */ = {
			isa = PBXSourcesBuildPhase;
			buildActionMask = 2147483647;
			files = (
				B6F6D2321B4FD7B9006F0A9B /* DataSetViewerTests.m in Sources */,
			);
			runOnlyForDeploymentPostprocessing = 0;
		};
/* End PBXSourcesBuildPhase section */

/* Begin PBXTargetDependency section */
		B6F6D22D1B4FD7B9006F0A9B /* PBXTargetDependency */ = {
			isa = PBXTargetDependency;
			target = B6F6D2111B4FD7B9006F0A9B /* DataSetViewer */;
			targetProxy = B6F6D22C1B4FD7B9006F0A9B /* PBXContainerItemProxy */;
		};
/* End PBXTargetDependency section */

/* Begin PBXVariantGroup section */
		B6F6D21F1B4FD7B9006F0A9B /* Main.storyboard */ = {
			isa = PBXVariantGroup;
			children = (
				B6F6D2201B4FD7B9006F0A9B /* Base */,
			);
			name = Main.storyboard;
			sourceTree = "<group>";
		};
		B6F6D2241B4FD7B9006F0A9B /* LaunchScreen.xib */ = {
			isa = PBXVariantGroup;
			children = (
				B6F6D2251B4FD7B9006F0A9B /* Base */,
			);
			name = LaunchScreen.xib;
			sourceTree = "<group>";
		};
/* End PBXVariantGroup section */

/* Begin XCBuildConfiguration section */
		B6F6D2331B4FD7B9006F0A9B /* Debug */ = {
			isa = XCBuildConfiguration;
			buildSettings = {
				ALWAYS_SEARCH_USER_PATHS = NO;
				CLANG_CXX_LANGUAGE_STANDARD = "gnu++0x";
				CLANG_CXX_LIBRARY = "libc++";
				CLANG_ENABLE_MODULES = YES;
				CLANG_ENABLE_OBJC_ARC = YES;
				CLANG_WARN_BOOL_CONVERSION = YES;
				CLANG_WARN_CONSTANT_CONVERSION = YES;
				CLANG_WARN_DIRECT_OBJC_ISA_USAGE = YES_ERROR;
				CLANG_WARN_EMPTY_BODY = YES;
				CLANG_WARN_ENUM_CONVERSION = YES;
				CLANG_WARN_INT_CONVERSION = YES;
				CLANG_WARN_OBJC_ROOT_CLASS = YES_ERROR;
				CLANG_WARN_UNREACHABLE_CODE = YES;
				CLANG_WARN__DUPLICATE_METHOD_MATCH = YES;
				"CODE_SIGN_IDENTITY[sdk=iphoneos*]" = "iPhone Developer";
				COPY_PHASE_STRIP = NO;
				DEBUG_INFORMATION_FORMAT = "dwarf-with-dsym";
				ENABLE_STRICT_OBJC_MSGSEND = YES;
				GCC_C_LANGUAGE_STANDARD = gnu99;
				GCC_DYNAMIC_NO_PIC = NO;
				GCC_NO_COMMON_BLOCKS = YES;
				GCC_OPTIMIZATION_LEVEL = 0;
				GCC_PREPROCESSOR_DEFINITIONS = (
					"DEBUG=1",
					"$(inherited)",
				);
				GCC_SYMBOLS_PRIVATE_EXTERN = NO;
				GCC_WARN_64_TO_32_BIT_CONVERSION = YES;
				GCC_WARN_ABOUT_RETURN_TYPE = YES_ERROR;
				GCC_WARN_UNDECLARED_SELECTOR = YES;
				GCC_WARN_UNINITIALIZED_AUTOS = YES_AGGRESSIVE;
				GCC_WARN_UNUSED_FUNCTION = YES;
				GCC_WARN_UNUSED_VARIABLE = YES;
				IPHONEOS_DEPLOYMENT_TARGET = 8.1;
				MTL_ENABLE_DEBUG_INFO = YES;
				ONLY_ACTIVE_ARCH = YES;
				SDKROOT = iphoneos;
				TARGETED_DEVICE_FAMILY = "1,2";
			};
			name = Debug;
		};
		B6F6D2341B4FD7B9006F0A9B /* Release */ = {
			isa = XCBuildConfiguration;
			buildSettings = {
				ALWAYS_SEARCH_USER_PATHS = NO;
				CLANG_CXX_LANGUAGE_STANDARD = "gnu++0x";
				CLANG_CXX_LIBRARY = "libc++";
				CLANG_ENABLE_MODULES = YES;
				CLANG_ENABLE_OBJC_ARC = YES;
				CLANG_WARN_BOOL_CONVERSION = YES;
				CLANG_WARN_CONSTANT_CONVERSION = YES;
				CLANG_WARN_DIRECT_OBJC_ISA_USAGE = YES_ERROR;
				CLANG_WARN_EMPTY_BODY = YES;
				CLANG_WARN_ENUM_CONVERSION = YES;
				CLANG_WARN_INT_CONVERSION = YES;
				CLANG_WARN_OBJC_ROOT_CLASS = YES_ERROR;
				CLANG_WARN_UNREACHABLE_CODE = YES;
				CLANG_WARN__DUPLICATE_METHOD_MATCH = YES;
				"CODE_SIGN_IDENTITY[sdk=iphoneos*]" = "iPhone Developer";
				COPY_PHASE_STRIP = NO;
				DEBUG_INFORMATION_FORMAT = "dwarf-with-dsym";
				ENABLE_NS_ASSERTIONS = NO;
				ENABLE_STRICT_OBJC_MSGSEND = YES;
				GCC_C_LANGUAGE_STANDARD = gnu99;
				GCC_NO_COMMON_BLOCKS = YES;
				GCC_WARN_64_TO_32_BIT_CONVERSION = YES;
				GCC_WARN_ABOUT_RETURN_TYPE = YES_ERROR;
				GCC_WARN_UNDECLARED_SELECTOR = YES;
				GCC_WARN_UNINITIALIZED_AUTOS = YES_AGGRESSIVE;
				GCC_WARN_UNUSED_FUNCTION = YES;
				GCC_WARN_UNUSED_VARIABLE = YES;
				IPHONEOS_DEPLOYMENT_TARGET = 8.1;
				MTL_ENABLE_DEBUG_INFO = NO;
				SDKROOT = iphoneos;
				TARGETED_DEVICE_FAMILY = "1,2";
				VALIDATE_PRODUCT = YES;
			};
			name = Release;
		};
		B6F6D2361B4FD7B9006F0A9B /* Debug */ = {
			isa = XCBuildConfiguration;
			buildSettings = {
				ASSETCATALOG_COMPILER_APPICON_NAME = AppIcon;
				INFOPLIST_FILE = DataSetViewer/Info.plist;
				IPHONEOS_DEPLOYMENT_TARGET = 8.1;
				LD_RUNPATH_SEARCH_PATHS = "$(inherited) @executable_path/Frameworks";
				PRODUCT_NAME = "$(TARGET_NAME)";
			};
			name = Debug;
		};
		B6F6D2371B4FD7B9006F0A9B /* Release */ = {
			isa = XCBuildConfiguration;
			buildSettings = {
				ASSETCATALOG_COMPILER_APPICON_NAME = AppIcon;
				INFOPLIST_FILE = DataSetViewer/Info.plist;
				IPHONEOS_DEPLOYMENT_TARGET = 8.1;
				LD_RUNPATH_SEARCH_PATHS = "$(inherited) @executable_path/Frameworks";
				PRODUCT_NAME = "$(TARGET_NAME)";
			};
			name = Release;
		};
		B6F6D2391B4FD7B9006F0A9B /* Debug */ = {
			isa = XCBuildConfiguration;
			buildSettings = {
				BUNDLE_LOADER = "$(TEST_HOST)";
				FRAMEWORK_SEARCH_PATHS = (
					"$(SDKROOT)/Developer/Library/Frameworks",
					"$(inherited)",
				);
				GCC_PREPROCESSOR_DEFINITIONS = (
					"DEBUG=1",
					"$(inherited)",
				);
				INFOPLIST_FILE = DataSetViewerTests/Info.plist;
				LD_RUNPATH_SEARCH_PATHS = "$(inherited) @executable_path/Frameworks @loader_path/Frameworks";
				PRODUCT_NAME = "$(TARGET_NAME)";
				TEST_HOST = "$(BUILT_PRODUCTS_DIR)/DataSetViewer.app/DataSetViewer";
			};
			name = Debug;
		};
		B6F6D23A1B4FD7B9006F0A9B /* Release */ = {
			isa = XCBuildConfiguration;
			buildSettings = {
				BUNDLE_LOADER = "$(TEST_HOST)";
				FRAMEWORK_SEARCH_PATHS = (
					"$(SDKROOT)/Developer/Library/Frameworks",
					"$(inherited)",
				);
				INFOPLIST_FILE = DataSetViewerTests/Info.plist;
				LD_RUNPATH_SEARCH_PATHS = "$(inherited) @executable_path/Frameworks @loader_path/Frameworks";
				PRODUCT_NAME = "$(TARGET_NAME)";
				TEST_HOST = "$(BUILT_PRODUCTS_DIR)/DataSetViewer.app/DataSetViewer";
			};
			name = Release;
		};
/* End XCBuildConfiguration section */

/* Begin XCConfigurationList section */
		B6F6D20D1B4FD7B9006F0A9B /* Build configuration list for PBXProject "DataSetViewer" */ = {
			isa = XCConfigurationList;
			buildConfigurations = (
				B6F6D2331B4FD7B9006F0A9B /* Debug */,
				B6F6D2341B4FD7B9006F0A9B /* Release */,
			);
			defaultConfigurationIsVisible = 0;
			defaultConfigurationName = Release;
		};
		B6F6D2351B4FD7B9006F0A9B /* Build configuration list for PBXNativeTarget "DataSetViewer" */ = {
			isa = XCConfigurationList;
			buildConfigurations = (
				B6F6D2361B4FD7B9006F0A9B /* Debug */,
				B6F6D2371B4FD7B9006F0A9B /* Release */,
			);
			defaultConfigurationIsVisible = 0;
			defaultConfigurationName = Release;
		};
		B6F6D2381B4FD7B9006F0A9B /* Build configuration list for PBXNativeTarget "DataSetViewerTests" */ = {
			isa = XCConfigurationList;
			buildConfigurations = (
				B6F6D2391B4FD7B9006F0A9B /* Debug */,
				B6F6D23A1B4FD7B9006F0A9B /* Release */,
			);
			defaultConfigurationIsVisible = 0;
			defaultConfigurationName = Release;
		};
/* End XCConfigurationList section */
	};
	rootObject = B6F6D20A1B4FD7B9006F0A9B /* Project object */;
}
